{
  "name": "web3",
  "version": "1.0.0",
  "lockfileVersion": 1,
  "requires": true,
  "dependencies": {
    "2015": {
      "version": "0.0.1",
      "resolved": "http://r.cnpmjs.org/2015/download/2015-0.0.1.tgz",
      "integrity": "sha1-RyjAZCpe04PXKlJeR1ihr9cKifA=",
      "requires": {
        "commander": "1.0.x"
      }
    },
    "commander": {
      "version": "1.0.5",
      "resolved": "http://r.cnpmjs.org/commander/download/commander-1.0.5.tgz",
      "integrity": "sha1-RXKVu5duOI6d0NtS3kMz4knz2Iw=",
      "requires": {
        "keypress": "0.1.x"
      }
    },
    "keypress": {
      "version": "0.1.0",
      "resolved": "http://r.cnpmjs.org/keypress/download/keypress-0.1.0.tgz",
      "integrity": "sha1-SjGI1CkbZrT2XtuZ+AaqmuKTWSo="
    }
  }
}
